hash: a97c0c90fe4d23bbd8e5745431f633e75530bb611131b786d76b8e1763bce85e
updated: 2017-02-23T16:03:19.8420731-08:00
imports:
- name: github.com/Azure/go-autorest
  version: 92e199ed6a4b8b81c5d7536915af3616c2cd9fff
  subpackages:
  - autorest
  - autorest/azure
  - autorest/date
- name: github.com/dgrijalva/jwt-go
  version: 2268707a8f0843315e2004ee4f1d021dc08baedf
- name: github.com/satori/uuid
  version: b061729afc07e77a8aa4fad0a2fd840958f1942a
testImports:
- name: gopkg.in/check.v1
  version: 20d25e2804050c1cd24a7eea1e7a6447dd0e74ec
